// !$*UTF8*$!
{
	archiveVersion = 1;
	classes = {
	};
	objectVersion = 46;
	objects = {

/* Begin PBXBuildFile section */
		1B7EB1CC1D996205000C6879 /* AppDelegate.swift in Sources */ = {isa = PBXBuildFile; fileRef = 1B7EB1CB1D996205000C6879 /* AppDelegate.swift */; };
		1B7EB1CE1D996205000C6879 /* ViewController.swift in Sources */ = {isa = PBXBuildFile; fileRef = 1B7EB1CD1D996205000C6879 /* ViewController.swift */; };
		1B7EB1D11D996205000C6879 /* Main.storyboard in Resources */ = {isa = PBXBuildFile; fileRef = 1B7EB1CF1D996205000C6879 /* Main.storyboard */; };
		1B7EB1D31D996205000C6879 /* Assets.xcassets in Resources */ = {isa = PBXBuildFile; fileRef = 1B7EB1D21D996205000C6879 /* Assets.xcassets */; };
		1B7EB1D61D996205000C6879 /* LaunchScreen.storyboard in Resources */ = {isa = PBXBuildFile; fileRef = 1B7EB1D41D996205000C6879 /* LaunchScreen.storyboard */; };
		1B7EB1DE1D9964C9000C6879 /* ReadMe.rtf in Resources */ = {isa = PBXBuildFile; fileRef = 1B7EB1DD1D9964C9000C6879 /* ReadMe.rtf */; };
/* End PBXBuildFile section */

/* Begin PBXFileReference section */
		1B7EB1C81D996205000C6879 /* touchTest.app */ = {isa = PBXFileReference; explicitFileType = wrapper.application; includeInIndex = 0; path = touchTest.app; sourceTree = BUILT_PRODUCTS_DIR; };
		1B7EB1CB1D996205000C6879 /* AppDelegate.swift */ = {isa = PBXFileReference; lastKnownFileType = sourcecode.swift; path = AppDelegate.swift; sourceTree = "<group>"; };
		1B7EB1CD1D996205000C6879 /* ViewController.swift */ = {isa = PBXFileReference; lastKnownFileType = sourcecode.swift; path = ViewController.swift; sourceTree = "<group>"; };
		1B7EB1D01D996205000C6879 /* Base */ = {isa = PBXFileReference; lastKnownFileType = file.storyboard; name = Base; path = Base.lproj/Main.storyboard; sourceTree = "<group>"; };
		1B7EB1D21D996205000C6879 /* Assets.xcassets */ = {isa = PBXFileReference; lastKnownFileType = folder.assetcatalog; path = Assets.xcassets; sourceTree = "<group>"; };
		1B7EB1D51D996205000C6879 /* Base */ = {isa = PBXFileReference; lastKnownFileType = file.storyboard; name = Base; path = Base.lproj/LaunchScreen.storyboard; sourceTree = "<group>"; };
		1B7EB1D71D996205000C6879 /* Info.plist */ = {isa = PBXFileReference; lastKnownFileType = text.plist.xml; path = Info.plist; sourceTree = "<group>"; };
		1B7EB1DD1D9964C9000C6879 /* ReadMe.rtf */ = {isa = PBXFileReference; fileEncoding = 4; lastKnownFileType = text.rtf; path = ReadMe.rtf; sourceTree = "<group>"; };
/* End PBXFileReference section */

/* Begin PBXFrameworksBuildPhase section */
		1B7EB1C51D996205000C6879 /* Frameworks */ = {
			isa = PBXFrameworksBuildPhase;
			buildActionMask = 2147483647;
			files = (
			);
			runOnlyForDeploymentPostprocessing = 0;
		};
/* End PBXFrameworksBuildPhase section */

/* Begin PBXGroup section */
		1B7EB1BF1D996205000C6879 = {
			isa = PBXGroup;
			children = (
				1B7EB1CA1D996205000C6879 /* touchTest */,
				1B7EB1C91D996205000C6879 /* Products */,
			);
			sourceTree = "<group>";
		};
		1B7EB1C91D996205000C6879 /* Products */ = {
			isa = PBXGroup;
			children = (
				1B7EB1C81D996205000C6879 /* touchTest.app */,
			);
			name = Products;
			sourceTree = "<group>";
		};
		1B7EB1CA1D996205000C6879 /* touchTest */ = {
			isa = PBXGroup;
			children = (
				1B7EB1CB1D996205000C6879 /* AppDelegate.swift */,
				1B7EB1CD1D996205000C6879 /* ViewController.swift */,
				1B7EB1CF1D996205000C6879 /* Main.storyboard */,
				1B7EB1DD1D9964C9000C6879 /* ReadMe.rtf */,
				1B7EB1D21D996205000C6879 /* Assets.xcassets */,
				1B7EB1D41D996205000C6879 /* LaunchScreen.storyboard */,
				1B7EB1D71D996205000C6879 /* Info.plist */,
			);
			path = touchTest;
			sourceTree = "<group>";
		};
/* End PBXGroup section */

/* Begin PBXNativeTarget section */
		1B7EB1C71D996205000C6879 /* touchTest */ = {
			isa = PBXNativeTarget;
			buildConfigurationList = 1B7EB1DA1D996205000C6879 /* Build configuration list for PBXNativeTarget "touchTest" */;
			buildPhases = (
				1B7EB1C41D996205000C6879 /* Sources */,
				1B7EB1C51D996205000C6879 /* Frameworks */,
				1B7EB1C61D996205000C6879 /* Resources */,
			);
			buildRules = (
			);
			dependencies = (
			);
			name = touchTest;
			productName = touchTest;
			productReference = 1B7EB1C81D996205000C6879 /* touchTest.app */;
			productType = "com.apple.product-type.application";
		};
/* End PBXNativeTarget section */

/* Begin PBXProject section */
		1B7EB1C01D996205000C6879 /* Project object */ = {
			isa = PBXProject;
			attributes = {
				LastSwiftUpdateCheck = 0800;
				LastUpgradeCheck = 0800;
				ORGANIZATIONNAME = "John Wetters";
				TargetAttributes = {
					1B7EB1C71D996205000C6879 = {
						CreatedOnToolsVersion = 8.0;
						DevelopmentTeam = GM5A6G489N;
						ProvisioningStyle = Automatic;
					};
				};
			};
			buildConfigurationList = 1B7EB1C31D996205000C6879 /* Build configuration list for PBXProject "touchTest" */;
			compatibilityVersion = "Xcode 3.2";
			developmentRegion = English;
			hasScannedForEncodings = 0;
			knownRegions = (
				en,
				Base,
			);
			mainGroup = 1B7EB1BF1D996205000C6879;
			productRefGroup = 1B7EB1C91D996205000C6879 /* Products */;
			projectDirPath = "";
			projectRoot = "";
			targets = (
				1B7EB1C71D996205000C6879 /* touchTest */,
			);
		};
/* End PBXProject section */

/* Begin PBXResourcesBuildPhase section */
		1B7EB1C61D996205000C6879 /* Resources */ = {
			isa = PBXResourcesBuildPhase;
			buildActionMask = 2147483647;
			files = (
				1B7EB1D61D996205000C6879 /* LaunchScreen.storyboard in Resources */,
				1B7EB1D31D996205000C6879 /* Assets.xcassets in Resources */,
				1B7EB1DE1D9964C9000C6879 /* ReadMe.rtf in Resources */,
				1B7EB1D11D996205000C6879 /* Main.storyboard in Resources */,
			);
			runOnlyForDeploymentPostprocessing = 0;
		};
/* End PBXResourcesBuildPhase section */

/* Begin PBXSourcesBuildPhase section */
		1B7EB1C41D996205000C6879 /* Sources */ = {
			isa = PBXSourcesBuildPhase;
			buildActionMask = 2147483647;
			files = (
				1B7EB1CE1D996205000C6879 /* ViewController.swift in Sources */,
				1B7EB1CC1D996205000C6879 /* AppDelegate.swift in Sources */,
			);
			runOnlyForDeploymentPostprocessing = 0;
		};
/* End PBXSourcesBuildPhase section */

/* Begin PBXVariantGroup section */
		1B7EB1CF1D996205000C6879 /* Main.storyboard */ = {
			isa = PBXVariantGroup;
			children = (
				1B7EB1D01D996205000C6879 /* Base */,
			);
			name = Main.storyboard;
			sourceTree = "<group>";
		};
		1B7EB1D41D996205000C6879 /* LaunchScreen.storyboard */ = {
			isa = PBXVariantGroup;
			children = (
				1B7EB1D51D996205000C6879 /* Base */,
			);
			name = LaunchScreen.storyboard;
			sourceTree = "<group>";
		};
/* End PBXVariantGroup section */

/* Begin XCBuildConfiguration section */
		1B7EB1D81D996205000C6879 /* Debug */ = {
			isa = XCBuildConfiguration;
			buildSettings = {
				ALWAYS_SEARCH_USER_PATHS = NO;
				CLANG_ANALYZER_NONNULL = YES;
				CLANG_CXX_LANGUAGE_STANDARD = "gnu++0x";
				CLANG_CXX_LIBRARY = "libc++";
				CLANG_ENABLE_MODULES = YES;
				CLANG_ENABLE_OBJC_ARC = YES;
				CLANG_WARN_BOOL_CONVERSION = YES;
				CLANG_WARN_CONSTANT_CONVERSION = YES;
				CLANG_WARN_DIRECT_OBJC_ISA_USAGE = YES_ERROR;
				CLANG_WARN_DOCUMENTATION_COMMENTS = YES;
				CLANG_WARN_EMPTY_BODY = YES;
				CLANG_WARN_ENUM_CONVERSION = YES;
				CLANG_WARN_INFINITE_RECURSION = YES;
				CLANG_WARN_INT_CONVERSION = YES;
				CLANG_WARN_OBJC_ROOT_CLASS = YES_ERROR;
				CLANG_WARN_SUSPICIOUS_MOVES = YES;
				CLANG_WARN_UNREACHABLE_CODE = YES;
				CLANG_WARN__DUPLICATE_METHOD_MATCH = YES;
				"CODE_SIGN_IDENTITY[sdk=iphoneos*]" = "iPhone Developer";
				COPY_PHASE_STRIP = NO;
				DEBUG_INFORMATION_FORMAT = dwarf;
				ENABLE_STRICT_OBJC_MSGSEND = YES;
				ENABLE_TESTABILITY = YES;
				GCC_C_LANGUAGE_STANDARD = gnu99;
				GCC_DYNAMIC_NO_PIC = NO;
				GCC_NO_COMMON_BLOCKS = YES;
				GCC_OPTIMIZATION_LEVEL = 0;
				GCC_PREPROCESSOR_DEFINITIONS = (
					"DEBUG=1",
					"$(inherited)",
				);
				GCC_WARN_64_TO_32_BIT_CONVERSION = YES;
				GCC_WARN_ABOUT_RETURN_TYPE = YES_ERROR;
				GCC_WARN_UNDECLARED_SELECTOR = YES;
				GCC_WARN_UNINITIALIZED_AUTOS = YES_AGGRESSIVE;
				GCC_WARN_UNUSED_FUNCTION = YES;
				GCC_WARN_UNUSED_VARIABLE = YES;
				IPHONEOS_DEPLOYMENT_TARGET = 10.0;
				MTL_ENABLE_DEBUG_INFO = YES;
				ONLY_ACTIVE_ARCH = YES;
				SDKROOT = iphoneos;
				SWIFT_ACTIVE_COMPILATION_CONDITIONS = DEBUG;
				SWIFT_OPTIMIZATION_LEVEL = "-Onone";
			};
			name = Debug;
		};
		1B7EB1D91D996205000C6879 /* Release */ = {
			isa = XCBuildConfiguration;
			buildSettings = {
				ALWAYS_SEARCH_USER_PATHS = NO;
				CLANG_ANALYZER_NONNULL = YES;
				CLANG_CXX_LANGUAGE_STANDARD = "gnu++0x";
				CLANG_CXX_LIBRARY = "libc++";
				CLANG_ENABLE_MODULES = YES;
				CLANG_ENABLE_OBJC_ARC = YES;
				CLANG_WARN_BOOL_CONVERSION = YES;
				CLANG_WARN_CONSTANT_CONVERSION = YES;
				CLANG_WARN_DIRECT_OBJC_ISA_USAGE = YES_ERROR;
				CLANG_WARN_DOCUMENTATION_COMMENTS = YES;
				CLANG_WARN_EMPTY_BODY = YES;
				CLANG_WARN_ENUM_CONVERSION = YES;
				CLANG_WARN_INFINITE_RECURSION = YES;
				CLANG_WARN_INT_CONVERSION = YES;
				CLANG_WARN_OBJC_ROOT_CLASS = YES_ERROR;
				CLANG_WARN_SUSPICIOUS_MOVES = YES;
				CLANG_WARN_UNREACHABLE_CODE = YES;
				CLANG_WARN__DUPLICATE_METHOD_MATCH = YES;
				"CODE_SIGN_IDENTITY[sdk=iphoneos*]" = "iPhone Developer";
				COPY_PHASE_STRIP = NO;
				DEBUG_INFORMATION_FORMAT = "dwarf-with-dsym";
				ENABLE_NS_ASSERTIONS = NO;
				ENABLE_STRICT_OBJC_MSGSEND = YES;
				GCC_C_LANGUAGE_STANDARD = gnu99;
				GCC_NO_COMMON_BLOCKS = YES;
				GCC_WARN_64_TO_32_BIT_CONVERSION = YES;
				GCC_WARN_ABOUT_RETURN_TYPE = YES_ERROR;
				GCC_WARN_UNDECLARED_SELECTOR = YES;
				GCC_WARN_UNINITIALIZED_AUTOS = YES_AGGRESSIVE;
				GCC_WARN_UNUSED_FUNCTION = YES;
				GCC_WARN_UNUSED_VARIABLE = YES;
				IPHONEOS_DEPLOYMENT_TARGET = 10.0;
				MTL_ENABLE_DEBUG_INFO = NO;
				SDKROOT = iphoneos;
				SWIFT_OPTIMIZATION_LEVEL = "-Owholemodule";
				VALIDATE_PRODUCT = YES;
			};
			name = Release;
		};
		1B7EB1DB1D996205000C6879 /* Debug */ = {
			isa = XCBuildConfiguration;
			buildSettings = {
				ASSETCATALOG_COMPILER_APPICON_NAME = AppIcon;
				DEVELOPMENT_TEAM = GM5A6G489N;
				INFOPLIST_FILE = touchTest/Info.plist;
				LD_RUNPATH_SEARCH_PATHS = "$(inherited) @executable_path/Frameworks";
				PRODUCT_BUNDLE_IDENTIFIER = WettersConsulting.touchTest;
				PRODUCT_NAME = "$(TARGET_NAME)";
				SWIFT_VERSION = 3.0;
			};
			name = Debug;
		};
		1B7EB1DC1D996205000C6879 /* Release */ = {
			isa = XCBuildConfiguration;
			buildSettings = {
				ASSETCATALOG_COMPILER_APPICON_NAME = AppIcon;
				DEVELOPMENT_TEAM = GM5A6G489N;
				INFOPLIST_FILE = touchTest/Info.plist;
				LD_RUNPATH_SEARCH_PATHS = "$(inherited) @executable_path/Frameworks";
				PRODUCT_BUNDLE_IDENTIFIER = WettersConsulting.touchTest;
				PRODUCT_NAME = "$(TARGET_NAME)";
				SWIFT_VERSION = 3.0;
			};
			name = Release;
		};
/* End XCBuildConfiguration section */

/* Begin XCConfigurationList section */
		1B7EB1C31D996205000C6879 /* Build configuration list for PBXProject "touchTest" */ = {
			isa = XCConfigurationList;
			buildConfigurations = (
				1B7EB1D81D996205000C6879 /* Debug */,
				1B7EB1D91D996205000C6879 /* Release */,
			);
			defaultConfigurationIsVisible = 0;
			defaultConfigurationName = Release;
		};
		1B7EB1DA1D996205000C6879 /* Build configuration list for PBXNativeTarget "touchTest" */ = {
			isa = XCConfigurationList;
			buildConfigurations = (
				1B7EB1DB1D996205000C6879 /* Debug */,
				1B7EB1DC1D996205000C6879 /* Release */,
			);
			defaultConfigurationIsVisible = 0;
		};
/* End XCConfigurationList section */
	};
	rootObject = 1B7EB1C01D996205000C6879 /* Project object */;
}
